Microsoft Visual Studio Solution File, Format Version 12.00
# Visual Studio Version 17
VisualStudioVersion = 17.0.31903.59
MinimumVisualStudioVersion = 10.0.40219.1
Project("{FAE04EC0-301F-11D3-BF4B-00C04F79EFBC}") = "Producer", "Producer\Producer.csproj", "{5C017EEC-0216-451F-99B1-68AF21E5DDA2}"
EndProject
Project("{FAE04EC0-301F-11D3-BF4B-00C04F79EFBC}") = "Consumer", "Consumer\Consumer.csproj", "{046277BE-5A55-4B01-8EDD-5174F6C7E48D}"
EndProject
Project("{FAE04EC0-301F-11D3-BF4B-00C04F79EFBC}") = "Shared", "Shared\Shared.csproj", "{8E7B3E9D-7F8F-4F2C-A9C2-E93D3D7E36AC}"
EndProject
Global
	GlobalSection(SolutionConfigurationPlatforms) = preSolution
		Debug|Any CPU = Debug|Any CPU
		Release|Any CPU = Release|Any CPU
	EndGlobalSection
	GlobalSection(SolutionProperties) = preSolution
		HideSolutionNode = FALSE
	EndGlobalSection
	GlobalSection(ProjectConfigurationPlatforms) = postSolution
		{5C017EEC-0216-451F-99B1-68AF21E5DDA2}.Debug|Any CPU.ActiveCfg = Debug|Any CPU
		{5C017EEC-0216-451F-99B1-68AF21E5DDA2}.Debug|Any CPU.Build.0 = Debug|Any CPU
		{5C017EEC-0216-451F-99B1-68AF21E5DDA2}.Release|Any CPU.ActiveCfg = Release|Any CPU
		{5C017EEC-0216-451F-99B1-68AF21E5DDA2}.Release|Any CPU.Build.0 = Release|Any CPU
		{046277BE-5A55-4B01-8EDD-5174F6C7E48D}.Debug|Any CPU.ActiveCfg = Debug|Any CPU
		{046277BE-5A55-4B01-8EDD-5174F6C7E48D}.Debug|Any CPU.Build.0 = Debug|Any CPU
		{046277BE-5A55-4B01-8EDD-5174F6C7E48D}.Release|Any CPU.ActiveCfg = Release|Any CPU
		{046277BE-5A55-4B01-8EDD-5174F6C7E48D}.Release|Any CPU.Build.0 = Release|Any CPU
	EndGlobalSection
EndGlobal
